// !$*UTF8*$!
{
	archiveVersion = 1;
	classes = {
	};
	objectVersion = 48;
	objects = {

/* Begin PBXBuildFile section */
		0736E5EA1FD827A6003899B5 /* AppDelegate.swift in Sources */ = {isa = PBXBuildFile; fileRef = 0736E5E91FD827A6003899B5 /* AppDelegate.swift */; };
		0736E5EC1FD827A6003899B5 /* ViewController.swift in Sources */ = {isa = PBXBuildFile; fileRef = 0736E5EB1FD827A6003899B5 /* ViewController.swift */; };
		0736E5EF1FD827A6003899B5 /* Main.storyboard in Resources */ = {isa = PBXBuildFile; fileRef = 0736E5ED1FD827A6003899B5 /* Main.storyboard */; };
		0736E5F11FD827A6003899B5 /* Assets.xcassets in Resources */ = {isa = PBXBuildFile; fileRef = 0736E5F01FD827A6003899B5 /* Assets.xcassets */; };
		0736E5F41FD827A6003899B5 /* LaunchScreen.storyboard in Resources */ = {isa = PBXBuildFile; fileRef = 0736E5F21FD827A6003899B5 /* LaunchScreen.storyboard */; };
		0736E5FC1FD82810003899B5 /* ContactsController.swift in Sources */ = {isa = PBXBuildFile; fileRef = 0736E5FB1FD82810003899B5 /* ContactsController.swift */; };
		0736E5FE1FD828F8003899B5 /* ContactCell.swift in Sources */ = {isa = PBXBuildFile; fileRef = 0736E5FD1FD828F8003899B5 /* ContactCell.swift */; };
		0736E6001FD82AE7003899B5 /* Friend.swift in Sources */ = {isa = PBXBuildFile; fileRef = 0736E5FF1FD82AE7003899B5 /* Friend.swift */; };
		0736E60A1FD835BB003899B5 /* Messages.framework in Frameworks */ = {isa = PBXBuildFile; fileRef = 0736E6091FD835BB003899B5 /* Messages.framework */; };
		0736E60D1FD835BB003899B5 /* MessagesViewController.swift in Sources */ = {isa = PBXBuildFile; fileRef = 0736E60C1FD835BB003899B5 /* MessagesViewController.swift */; };
		0736E6101FD835BB003899B5 /* MainInterface.storyboard in Resources */ = {isa = PBXBuildFile; fileRef = 0736E60E1FD835BB003899B5 /* MainInterface.storyboard */; };
		0736E6121FD835BB003899B5 /* Assets.xcassets in Resources */ = {isa = PBXBuildFile; fileRef = 0736E6111FD835BB003899B5 /* Assets.xcassets */; };
		0736E6161FD835BB003899B5 /* MessagesViewController.appex in Embed App Extensions */ = {isa = PBXBuildFile; fileRef = 0736E6071FD835BB003899B5 /* MessagesViewController.appex */; settings = {ATTRIBUTES = (RemoveHeadersOnCopy, ); }; };
/* End PBXBuildFile section */

/* Begin PBXContainerItemProxy section */
		0736E6141FD835BB003899B5 /* PBXContainerItemProxy */ = {
			isa = PBXContainerItemProxy;
			containerPortal = 0736E5DE1FD827A5003899B5 /* Project object */;
			proxyType = 1;
			remoteGlobalIDString = 0736E6061FD835BB003899B5;
			remoteInfo = MessagesViewController;
		};
/* End PBXContainerItemProxy section */

/* Begin PBXCopyFilesBuildPhase section */
		0736E61A1FD835BB003899B5 /* Embed App Extensions */ = {
			isa = PBXCopyFilesBuildPhase;
			buildActionMask = 2147483647;
			dstPath = "";
			dstSubfolderSpec = 13;
			files = (
				0736E6161FD835BB003899B5 /* MessagesViewController.appex in Embed App Extensions */,
			);
			name = "Embed App Extensions";
			runOnlyForDeploymentPostprocessing = 0;
		};
/* End PBXCopyFilesBuildPhase section */

/* Begin PBXFileReference section */
		0736E5E61FD827A6003899B5 /* ContactiMessage.app */ = {isa = PBXFileReference; explicitFileType = wrapper.application; includeInIndex = 0; path = ContactiMessage.app; sourceTree = BUILT_PRODUCTS_DIR; };
		0736E5E91FD827A6003899B5 /* AppDelegate.swift */ = {isa = PBXFileReference; lastKnownFileType = sourcecode.swift; path = AppDelegate.swift; sourceTree = "<group>"; };
		0736E5EB1FD827A6003899B5 /* ViewController.swift */ = {isa = PBXFileReference; lastKnownFileType = sourcecode.swift; path = ViewController.swift; sourceTree = "<group>"; };
		0736E5EE1FD827A6003899B5 /* Base */ = {isa = PBXFileReference; lastKnownFileType = file.storyboard; name = Base; path = Base.lproj/Main.storyboard; sourceTree = "<group>"; };
		0736E5F01FD827A6003899B5 /* Assets.xcassets */ = {isa = PBXFileReference; lastKnownFileType = folder.assetcatalog; path = Assets.xcassets; sourceTree = "<group>"; };
		0736E5F31FD827A6003899B5 /* Base */ = {isa = PBXFileReference; lastKnownFileType = file.storyboard; name = Base; path = Base.lproj/LaunchScreen.storyboard; sourceTree = "<group>"; };
		0736E5F51FD827A6003899B5 /* Info.plist */ = {isa = PBXFileReference; lastKnownFileType = text.plist.xml; path = Info.plist; sourceTree = "<group>"; };
		0736E5FB1FD82810003899B5 /* ContactsController.swift */ = {isa = PBXFileReference; lastKnownFileType = sourcecode.swift; path = ContactsController.swift; sourceTree = "<group>"; };
		0736E5FD1FD828F8003899B5 /* ContactCell.swift */ = {isa = PBXFileReference; fileEncoding = 4; lastKnownFileType = sourcecode.swift; path = ContactCell.swift; sourceTree = "<group>"; };
		0736E5FF1FD82AE7003899B5 /* Friend.swift */ = {isa = PBXFileReference; lastKnownFileType = sourcecode.swift; path = Friend.swift; sourceTree = "<group>"; };
		0736E6071FD835BB003899B5 /* MessagesViewController.appex */ = {isa = PBXFileReference; explicitFileType = "wrapper.app-extension"; includeInIndex = 0; path = MessagesViewController.appex; sourceTree = BUILT_PRODUCTS_DIR; };
		0736E6091FD835BB003899B5 /* Messages.framework */ = {isa = PBXFileReference; lastKnownFileType = wrapper.framework; name = Messages.framework; path = System/Library/Frameworks/Messages.framework; sourceTree = SDKROOT; };
		0736E60C1FD835BB003899B5 /* MessagesViewController.swift */ = {isa = PBXFileReference; lastKnownFileType = sourcecode.swift; path = MessagesViewController.swift; sourceTree = "<group>"; };
		0736E60F1FD835BB003899B5 /* Base */ = {isa = PBXFileReference; lastKnownFileType = file.storyboard; name = Base; path = Base.lproj/MainInterface.storyboard; sourceTree = "<group>"; };
		0736E6111FD835BB003899B5 /* Assets.xcassets */ = {isa = PBXFileReference; lastKnownFileType = folder.assetcatalog; path = Assets.xcassets; sourceTree = "<group>"; };
		0736E6131FD835BB003899B5 /* Info.plist */ = {isa = PBXFileReference; lastKnownFileType = text.plist.xml; path = Info.plist; sourceTree = "<group>"; };
/* End PBXFileReference section */

/* Begin PBXFrameworksBuildPhase section */
		0736E5E31FD827A6003899B5 /* Frameworks */ = {
			isa = PBXFrameworksBuildPhase;
			buildActionMask = 2147483647;
			files = (
			);
			runOnlyForDeploymentPostprocessing = 0;
		};
		0736E6041FD835BB003899B5 /* Frameworks */ = {
			isa = PBXFrameworksBuildPhase;
			buildActionMask = 2147483647;
			files = (
				0736E60A1FD835BB003899B5 /* Messages.framework in Frameworks */,
			);
			runOnlyForDeploymentPostprocessing = 0;
		};
/* End PBXFrameworksBuildPhase section */

/* Begin PBXGroup section */
		0736E5DD1FD827A5003899B5 = {
			isa = PBXGroup;
			children = (
				0736E5E81FD827A6003899B5 /* ContactiMessage */,
				0736E60B1FD835BB003899B5 /* MessagesViewController */,
				0736E6081FD835BB003899B5 /* Frameworks */,
				0736E5E71FD827A6003899B5 /* Products */,
			);
			sourceTree = "<group>";
		};
		0736E5E71FD827A6003899B5 /* Products */ = {
			isa = PBXGroup;
			children = (
				0736E5E61FD827A6003899B5 /* ContactiMessage.app */,
				0736E6071FD835BB003899B5 /* MessagesViewController.appex */,
			);
			name = Products;
			sourceTree = "<group>";
		};
		0736E5E81FD827A6003899B5 /* ContactiMessage */ = {
			isa = PBXGroup;
			children = (
				0736E5E91FD827A6003899B5 /* AppDelegate.swift */,
				0736E5EB1FD827A6003899B5 /* ViewController.swift */,
				0736E5FD1FD828F8003899B5 /* ContactCell.swift */,
				0736E5FB1FD82810003899B5 /* ContactsController.swift */,
				0736E5FF1FD82AE7003899B5 /* Friend.swift */,
				0736E5ED1FD827A6003899B5 /* Main.storyboard */,
				0736E5F01FD827A6003899B5 /* Assets.xcassets */,
				0736E5F21FD827A6003899B5 /* LaunchScreen.storyboard */,
				0736E5F51FD827A6003899B5 /* Info.plist */,
			);
			path = ContactiMessage;
			sourceTree = "<group>";
		};
		0736E6081FD835BB003899B5 /* Frameworks */ = {
			isa = PBXGroup;
			children = (
				0736E6091FD835BB003899B5 /* Messages.framework */,
			);
			name = Frameworks;
			sourceTree = "<group>";
		};
		0736E60B1FD835BB003899B5 /* MessagesViewController */ = {
			isa = PBXGroup;
			children = (
				0736E60C1FD835BB003899B5 /* MessagesViewController.swift */,
				0736E60E1FD835BB003899B5 /* MainInterface.storyboard */,
				0736E6111FD835BB003899B5 /* Assets.xcassets */,
				0736E6131FD835BB003899B5 /* Info.plist */,
			);
			path = MessagesViewController;
			sourceTree = "<group>";
		};
/* End PBXGroup section */

/* Begin PBXNativeTarget section */
		0736E5E51FD827A6003899B5 /* ContactiMessage */ = {
			isa = PBXNativeTarget;
			buildConfigurationList = 0736E5F81FD827A6003899B5 /* Build configuration list for PBXNativeTarget "ContactiMessage" */;
			buildPhases = (
				0736E5E21FD827A6003899B5 /* Sources */,
				0736E5E31FD827A6003899B5 /* Frameworks */,
				0736E5E41FD827A6003899B5 /* Resources */,
				0736E61A1FD835BB003899B5 /* Embed App Extensions */,
			);
			buildRules = (
			);
			dependencies = (
				0736E6151FD835BB003899B5 /* PBXTargetDependency */,
			);
			name = ContactiMessage;
			productName = ContactiMessage;
			productReference = 0736E5E61FD827A6003899B5 /* ContactiMessage.app */;
			productType = "com.apple.product-type.application";
		};
		0736E6061FD835BB003899B5 /* MessagesViewController */ = {
			isa = PBXNativeTarget;
			buildConfigurationList = 0736E6171FD835BB003899B5 /* Build configuration list for PBXNativeTarget "MessagesViewController" */;
			buildPhases = (
				0736E6031FD835BB003899B5 /* Sources */,
				0736E6041FD835BB003899B5 /* Frameworks */,
				0736E6051FD835BB003899B5 /* Resources */,
			);
			buildRules = (
			);
			dependencies = (
			);
			name = MessagesViewController;
			productName = MessagesViewController;
			productReference = 0736E6071FD835BB003899B5 /* MessagesViewController.appex */;
			productType = "com.apple.product-type.app-extension.messages";
		};
/* End PBXNativeTarget section */

/* Begin PBXProject section */
		0736E5DE1FD827A5003899B5 /* Project object */ = {
			isa = PBXProject;
			attributes = {
				LastSwiftUpdateCheck = 0910;
				LastUpgradeCheck = 0910;
				ORGANIZATIONNAME = PAC;
				TargetAttributes = {
					0736E5E51FD827A6003899B5 = {
						CreatedOnToolsVersion = 9.1;
						ProvisioningStyle = Automatic;
					};
					0736E6061FD835BB003899B5 = {
						CreatedOnToolsVersion = 9.1;
						ProvisioningStyle = Automatic;
					};
				};
			};
			buildConfigurationList = 0736E5E11FD827A5003899B5 /* Build configuration list for PBXProject "ContactiMessage" */;
			compatibilityVersion = "Xcode 8.0";
			developmentRegion = en;
			hasScannedForEncodings = 0;
			knownRegions = (
				en,
				Base,
			);
			mainGroup = 0736E5DD1FD827A5003899B5;
			productRefGroup = 0736E5E71FD827A6003899B5 /* Products */;
			projectDirPath = "";
			projectRoot = "";
			targets = (
				0736E5E51FD827A6003899B5 /* ContactiMessage */,
				0736E6061FD835BB003899B5 /* MessagesViewController */,
			);
		};
/* End PBXProject section */

/* Begin PBXResourcesBuildPhase section */
		0736E5E41FD827A6003899B5 /* Resources */ = {
			isa = PBXResourcesBuildPhase;
			buildActionMask = 2147483647;
			files = (
				0736E5F41FD827A6003899B5 /* LaunchScreen.storyboard in Resources */,
				0736E5F11FD827A6003899B5 /* Assets.xcassets in Resources */,
				0736E5EF1FD827A6003899B5 /* Main.storyboard in Resources */,
			);
			runOnlyForDeploymentPostprocessing = 0;
		};
		0736E6051FD835BB003899B5 /* Resources */ = {
			isa = PBXResourcesBuildPhase;
			buildActionMask = 2147483647;
			files = (
				0736E6121FD835BB003899B5 /* Assets.xcassets in Resources */,
				0736E6101FD835BB003899B5 /* MainInterface.storyboard in Resources */,
			);
			runOnlyForDeploymentPostprocessing = 0;
		};
/* End PBXResourcesBuildPhase section */

/* Begin PBXSourcesBuildPhase section */
		0736E5E21FD827A6003899B5 /* Sources */ = {
			isa = PBXSourcesBuildPhase;
			buildActionMask = 2147483647;
			files = (
				0736E5FE1FD828F8003899B5 /* ContactCell.swift in Sources */,
				0736E5EC1FD827A6003899B5 /* ViewController.swift in Sources */,
				0736E6001FD82AE7003899B5 /* Friend.swift in Sources */,
				0736E5FC1FD82810003899B5 /* ContactsController.swift in Sources */,
				0736E5EA1FD827A6003899B5 /* AppDelegate.swift in Sources */,
			);
			runOnlyForDeploymentPostprocessing = 0;
		};
		0736E6031FD835BB003899B5 /* Sources */ = {
			isa = PBXSourcesBuildPhase;
			buildActionMask = 2147483647;
			files = (
				0736E60D1FD835BB003899B5 /* MessagesViewController.swift in Sources */,
			);
			runOnlyForDeploymentPostprocessing = 0;
		};
/* End PBXSourcesBuildPhase section */

/* Begin PBXTargetDependency section */
		0736E6151FD835BB003899B5 /* PBXTargetDependency */ = {
			isa = PBXTargetDependency;
			target = 0736E6061FD835BB003899B5 /* MessagesViewController */;
			targetProxy = 0736E6141FD835BB003899B5 /* PBXContainerItemProxy */;
		};
/* End PBXTargetDependency section */

/* Begin PBXVariantGroup section */
		0736E5ED1FD827A6003899B5 /* Main.storyboard */ = {
			isa = PBXVariantGroup;
			children = (
				0736E5EE1FD827A6003899B5 /* Base */,
			);
			name = Main.storyboard;
			sourceTree = "<group>";
		};
		0736E5F21FD827A6003899B5 /* LaunchScreen.storyboard */ = {
			isa = PBXVariantGroup;
			children = (
				0736E5F31FD827A6003899B5 /* Base */,
			);
			name = LaunchScreen.storyboard;
			sourceTree = "<group>";
		};
		0736E60E1FD835BB003899B5 /* MainInterface.storyboard */ = {
			isa = PBXVariantGroup;
			children = (
				0736E60F1FD835BB003899B5 /* Base */,
			);
			name = MainInterface.storyboard;
			sourceTree = "<group>";
		};
/* End PBXVariantGroup section */

/* Begin XCBuildConfiguration section */
		0736E5F61FD827A6003899B5 /* Debug */ = {
			isa = XCBuildConfiguration;
			buildSettings = {
				ALWAYS_SEARCH_USER_PATHS = NO;
				CLANG_ANALYZER_NONNULL = YES;
				CLANG_ANALYZER_NUMBER_OBJECT_CONVERSION = YES_AGGRESSIVE;
				CLANG_CXX_LANGUAGE_STANDARD = "gnu++14";
				CLANG_CXX_LIBRARY = "libc++";
				CLANG_ENABLE_MODULES = YES;
				CLANG_ENABLE_OBJC_ARC = YES;
				CLANG_WARN_BLOCK_CAPTURE_AUTORELEASING = YES;
				CLANG_WARN_BOOL_CONVERSION = YES;
				CLANG_WARN_COMMA = YES;
				CLANG_WARN_CONSTANT_CONVERSION = YES;
				CLANG_WARN_DIRECT_OBJC_ISA_USAGE = YES_ERROR;
				CLANG_WARN_DOCUMENTATION_COMMENTS = YES;
				CLANG_WARN_EMPTY_BODY = YES;
				CLANG_WARN_ENUM_CONVERSION = YES;
				CLANG_WARN_INFINITE_RECURSION = YES;
				CLANG_WARN_INT_CONVERSION = YES;
				CLANG_WARN_NON_LITERAL_NULL_CONVERSION = YES;
				CLANG_WARN_OBJC_LITERAL_CONVERSION = YES;
				CLANG_WARN_OBJC_ROOT_CLASS = YES_ERROR;
				CLANG_WARN_RANGE_LOOP_ANALYSIS = YES;
				CLANG_WARN_STRICT_PROTOTYPES = YES;
				CLANG_WARN_SUSPICIOUS_MOVE = YES;
				CLANG_WARN_UNGUARDED_AVAILABILITY = YES_AGGRESSIVE;
				CLANG_WARN_UNREACHABLE_CODE = YES;
				CLANG_WARN__DUPLICATE_METHOD_MATCH = YES;
				CODE_SIGN_IDENTITY = "iPhone Developer";
				COPY_PHASE_STRIP = NO;
				DEBUG_INFORMATION_FORMAT = dwarf;
				ENABLE_STRICT_OBJC_MSGSEND = YES;
				ENABLE_TESTABILITY = YES;
				GCC_C_LANGUAGE_STANDARD = gnu11;
				GCC_DYNAMIC_NO_PIC = NO;
				GCC_NO_COMMON_BLOCKS = YES;
				GCC_OPTIMIZATION_LEVEL = 0;
				GCC_PREPROCESSOR_DEFINITIONS = (
					"DEBUG=1",
					"$(inherited)",
				);
				GCC_WARN_64_TO_32_BIT_CONVERSION = YES;
				GCC_WARN_ABOUT_RETURN_TYPE = YES_ERROR;
				GCC_WARN_UNDECLARED_SELECTOR = YES;
				GCC_WARN_UNINITIALIZED_AUTOS = YES_AGGRESSIVE;
				GCC_WARN_UNUSED_FUNCTION = YES;
				GCC_WARN_UNUSED_VARIABLE = YES;
				IPHONEOS_DEPLOYMENT_TARGET = 11.1;
				MTL_ENABLE_DEBUG_INFO = YES;
				ONLY_ACTIVE_ARCH = YES;
				SDKROOT = iphoneos;
				SWIFT_ACTIVE_COMPILATION_CONDITIONS = DEBUG;
				SWIFT_OPTIMIZATION_LEVEL = "-Onone";
			};
			name = Debug;
		};
		0736E5F71FD827A6003899B5 /* Release */ = {
			isa = XCBuildConfiguration;
			buildSettings = {
				ALWAYS_SEARCH_USER_PATHS = NO;
				CLANG_ANALYZER_NONNULL = YES;
				CLANG_ANALYZER_NUMBER_OBJECT_CONVERSION = YES_AGGRESSIVE;
				CLANG_CXX_LANGUAGE_STANDARD = "gnu++14";
				CLANG_CXX_LIBRARY = "libc++";
				CLANG_ENABLE_MODULES = YES;
				CLANG_ENABLE_OBJC_ARC = YES;
				CLANG_WARN_BLOCK_CAPTURE_AUTORELEASING = YES;
				CLANG_WARN_BOOL_CONVERSION = YES;
				CLANG_WARN_COMMA = YES;
				CLANG_WARN_CONSTANT_CONVERSION = YES;
				CLANG_WARN_DIRECT_OBJC_ISA_USAGE = YES_ERROR;
				CLANG_WARN_DOCUMENTATION_COMMENTS = YES;
				CLANG_WARN_EMPTY_BODY = YES;
				CLANG_WARN_ENUM_CONVERSION = YES;
				CLANG_WARN_INFINITE_RECURSION = YES;
				CLANG_WARN_INT_CONVERSION = YES;
				CLANG_WARN_NON_LITERAL_NULL_CONVERSION = YES;
				CLANG_WARN_OBJC_LITERAL_CONVERSION = YES;
				CLANG_WARN_OBJC_ROOT_CLASS = YES_ERROR;
				CLANG_WARN_RANGE_LOOP_ANALYSIS = YES;
				CLANG_WARN_STRICT_PROTOTYPES = YES;
				CLANG_WARN_SUSPICIOUS_MOVE = YES;
				CLANG_WARN_UNGUARDED_AVAILABILITY = YES_AGGRESSIVE;
				CLANG_WARN_UNREACHABLE_CODE = YES;
				CLANG_WARN__DUPLICATE_METHOD_MATCH = YES;
				CODE_SIGN_IDENTITY = "iPhone Developer";
				COPY_PHASE_STRIP = NO;
				DEBUG_INFORMATION_FORMAT = "dwarf-with-dsym";
				ENABLE_NS_ASSERTIONS = NO;
				ENABLE_STRICT_OBJC_MSGSEND = YES;
				GCC_C_LANGUAGE_STANDARD = gnu11;
				GCC_NO_COMMON_BLOCKS = YES;
				GCC_WARN_64_TO_32_BIT_CONVERSION = YES;
				GCC_WARN_ABOUT_RETURN_TYPE = YES_ERROR;
				GCC_WARN_UNDECLARED_SELECTOR = YES;
				GCC_WARN_UNINITIALIZED_AUTOS = YES_AGGRESSIVE;
				GCC_WARN_UNUSED_FUNCTION = YES;
				GCC_WARN_UNUSED_VARIABLE = YES;
				IPHONEOS_DEPLOYMENT_TARGET = 11.1;
				MTL_ENABLE_DEBUG_INFO = NO;
				SDKROOT = iphoneos;
				SWIFT_OPTIMIZATION_LEVEL = "-Owholemodule";
				VALIDATE_PRODUCT = YES;
			};
			name = Release;
		};
		0736E5F91FD827A6003899B5 /* Debug */ = {
			isa = XCBuildConfiguration;
			buildSettings = {
				ALWAYS_EMBED_SWIFT_STANDARD_LIBRARIES = YES;
				ASSETCATALOG_COMPILER_APPICON_NAME = AppIcon;
				CODE_SIGN_STYLE = Automatic;
				DEVELOPMENT_TEAM = AHA5JS655T;
				INFOPLIST_FILE = ContactiMessage/Info.plist;
				LD_RUNPATH_SEARCH_PATHS = "$(inherited) @executable_path/Frameworks";
				PRODUCT_BUNDLE_IDENTIFIER = caesar.ContactiMessage;
				PRODUCT_NAME = "$(TARGET_NAME)";
				SWIFT_VERSION = 4.0;
				TARGETED_DEVICE_FAMILY = "1,2";
			};
			name = Debug;
		};
		0736E5FA1FD827A6003899B5 /* Release */ = {
			isa = XCBuildConfiguration;
			buildSettings = {
				ALWAYS_EMBED_SWIFT_STANDARD_LIBRARIES = YES;
				ASSETCATALOG_COMPILER_APPICON_NAME = AppIcon;
				CODE_SIGN_STYLE = Automatic;
				DEVELOPMENT_TEAM = AHA5JS655T;
				INFOPLIST_FILE = ContactiMessage/Info.plist;
				LD_RUNPATH_SEARCH_PATHS = "$(inherited) @executable_path/Frameworks";
				PRODUCT_BUNDLE_IDENTIFIER = caesar.ContactiMessage;
				PRODUCT_NAME = "$(TARGET_NAME)";
				SWIFT_VERSION = 4.0;
				TARGETED_DEVICE_FAMILY = "1,2";
			};
			name = Release;
		};
		0736E6181FD835BB003899B5 /* Debug */ = {
			isa = XCBuildConfiguration;
			buildSettings = {
				ASSETCATALOG_COMPILER_APPICON_NAME = "iMessage App Icon";
				CODE_SIGN_STYLE = Automatic;
				DEVELOPMENT_TEAM = AHA5JS655T;
				INFOPLIST_FILE = MessagesViewController/Info.plist;
				LD_RUNPATH_SEARCH_PATHS = "$(inherited) @executable_path/Frameworks @executable_path/../../Frameworks";
				PRODUCT_BUNDLE_IDENTIFIER = caesar.ContactiMessage.MessagesViewController;
				PRODUCT_NAME = "$(TARGET_NAME)";
				SKIP_INSTALL = YES;
				SWIFT_VERSION = 4.0;
				TARGETED_DEVICE_FAMILY = "1,2";
			};
			name = Debug;
		};
		0736E6191FD835BB003899B5 /* Release */ = {
			isa = XCBuildConfiguration;
			buildSettings = {
				ASSETCATALOG_COMPILER_APPICON_NAME = "iMessage App Icon";
				CODE_SIGN_STYLE = Automatic;
				DEVELOPMENT_TEAM = AHA5JS655T;
				INFOPLIST_FILE = MessagesViewController/Info.plist;
				LD_RUNPATH_SEARCH_PATHS = "$(inherited) @executable_path/Frameworks @executable_path/../../Frameworks";
				PRODUCT_BUNDLE_IDENTIFIER = caesar.ContactiMessage.MessagesViewController;
				PRODUCT_NAME = "$(TARGET_NAME)";
				SKIP_INSTALL = YES;
				SWIFT_VERSION = 4.0;
				TARGETED_DEVICE_FAMILY = "1,2";
			};
			name = Release;
		};
/* End XCBuildConfiguration section */

/* Begin XCConfigurationList section */
		0736E5E11FD827A5003899B5 /* Build configuration list for PBXProject "ContactiMessage" */ = {
			isa = XCConfigurationList;
			buildConfigurations = (
				0736E5F61FD827A6003899B5 /* Debug */,
				0736E5F71FD827A6003899B5 /* Release */,
			);
			defaultConfigurationIsVisible = 0;
			defaultConfigurationName = Release;
		};
		0736E5F81FD827A6003899B5 /* Build configuration list for PBXNativeTarget "ContactiMessage" */ = {
			isa = XCConfigurationList;
			buildConfigurations = (
				0736E5F91FD827A6003899B5 /* Debug */,
				0736E5FA1FD827A6003899B5 /* Release */,
			);
			defaultConfigurationIsVisible = 0;
			defaultConfigurationName = Release;
		};
		0736E6171FD835BB003899B5 /* Build configuration list for PBXNativeTarget "MessagesViewController" */ = {
			isa = XCConfigurationList;
			buildConfigurations = (
				0736E6181FD835BB003899B5 /* Debug */,
				0736E6191FD835BB003899B5 /* Release */,
			);
			defaultConfigurationIsVisible = 0;
			defaultConfigurationName = Release;
		};
/* End XCConfigurationList section */
	};
	rootObject = 0736E5DE1FD827A5003899B5 /* Project object */;
}
